// !$*UTF8*$!
{
	archiveVersion = 1;
	classes = {
	};
	objectVersion = 50;
	objects = {

/* Begin PBXBuildFile section */
		30186ABF2114B87000F99E21 /* tuturu.mp3 in Resources */ = {isa = PBXBuildFile; fileRef = 30186ABE2114B87000F99E21 /* tuturu.mp3 */; };
		30186AC12114B88200F99E21 /* bisTuturu.mp3 in Resources */ = {isa = PBXBuildFile; fileRef = 30186AC02114B88100F99E21 /* bisTuturu.mp3 */; };
		30186AC32114B91A00F99E21 /* superTuturu.mp3 in Resources */ = {isa = PBXBuildFile; fileRef = 30186AC22114B91A00F99E21 /* superTuturu.mp3 */; };
		303398C4210F093800640009 /* AppDelegate.swift in Sources */ = {isa = PBXBuildFile; fileRef = 303398C3210F093800640009 /* AppDelegate.swift */; };
		303398C6210F093800640009 /* ViewController.swift in Sources */ = {isa = PBXBuildFile; fileRef = 303398C5210F093800640009 /* ViewController.swift */; };
		303398C9210F093800640009 /* Main.storyboard in Resources */ = {isa = PBXBuildFile; fileRef = 303398C7210F093800640009 /* Main.storyboard */; };
		303398CB210F093A00640009 /* Assets.xcassets in Resources */ = {isa = PBXBuildFile; fileRef = 303398CA210F093A00640009 /* Assets.xcassets */; };
		303398CE210F093A00640009 /* LaunchScreen.storyboard in Resources */ = {isa = PBXBuildFile; fileRef = 303398CC210F093A00640009 /* LaunchScreen.storyboard */; };
/* End PBXBuildFile section */

/* Begin PBXFileReference section */
		30186ABE2114B87000F99E21 /* tuturu.mp3 */ = {isa = PBXFileReference; lastKnownFileType = audio.mp3; name = tuturu.mp3; path = ../../../../Downloads/tuturu.mp3; sourceTree = "<group>"; };
		30186AC02114B88100F99E21 /* bisTuturu.mp3 */ = {isa = PBXFileReference; lastKnownFileType = audio.mp3; name = bisTuturu.mp3; path = ../../../../Downloads/bisTuturu.mp3; sourceTree = "<group>"; };
		30186AC22114B91A00F99E21 /* superTuturu.mp3 */ = {isa = PBXFileReference; lastKnownFileType = audio.mp3; name = superTuturu.mp3; path = ../../../../Downloads/superTuturu.mp3; sourceTree = "<group>"; };
		303398C0210F093800640009 /* Tuturu.app */ = {isa = PBXFileReference; explicitFileType = wrapper.application; includeInIndex = 0; path = Tuturu.app; sourceTree = BUILT_PRODUCTS_DIR; };
		303398C3210F093800640009 /* AppDelegate.swift */ = {isa = PBXFileReference; lastKnownFileType = sourcecode.swift; path = AppDelegate.swift; sourceTree = "<group>"; };
		303398C5210F093800640009 /* ViewController.swift */ = {isa = PBXFileReference; lastKnownFileType = sourcecode.swift; path = ViewController.swift; sourceTree = "<group>"; };
		303398C8210F093800640009 /* Base */ = {isa = PBXFileReference; lastKnownFileType = file.storyboard; name = Base; path = Base.lproj/Main.storyboard; sourceTree = "<group>"; };
		303398CA210F093A00640009 /* Assets.xcassets */ = {isa = PBXFileReference; lastKnownFileType = folder.assetcatalog; path = Assets.xcassets; sourceTree = "<group>"; };
		303398CD210F093A00640009 /* Base */ = {isa = PBXFileReference; lastKnownFileType = file.storyboard; name = Base; path = Base.lproj/LaunchScreen.storyboard; sourceTree = "<group>"; };
		303398CF210F093A00640009 /* Info.plist */ = {isa = PBXFileReference; lastKnownFileType = text.plist.xml; path = Info.plist; sourceTree = "<group>"; };
/* End PBXFileReference section */

/* Begin PBXFrameworksBuildPhase section */
		303398BD210F093800640009 /* Frameworks */ = {
			isa = PBXFrameworksBuildPhase;
			buildActionMask = 2147483647;
			files = (
			);
			runOnlyForDeploymentPostprocessing = 0;
		};
/* End PBXFrameworksBuildPhase section */

/* Begin PBXGroup section */
		303398B7210F093800640009 = {
			isa = PBXGroup;
			children = (
				303398C2210F093800640009 /* Tuturu */,
				303398C1210F093800640009 /* Products */,
			);
			sourceTree = "<group>";
		};
		303398C1210F093800640009 /* Products */ = {
			isa = PBXGroup;
			children = (
				303398C0210F093800640009 /* Tuturu.app */,
			);
			name = Products;
			sourceTree = "<group>";
		};
		303398C2210F093800640009 /* Tuturu */ = {
			isa = PBXGroup;
			children = (
				303398C3210F093800640009 /* AppDelegate.swift */,
				303398C5210F093800640009 /* ViewController.swift */,
				30186ABE2114B87000F99E21 /* tuturu.mp3 */,
				30186AC02114B88100F99E21 /* bisTuturu.mp3 */,
				30186AC22114B91A00F99E21 /* superTuturu.mp3 */,
				303398C7210F093800640009 /* Main.storyboard */,
				303398CA210F093A00640009 /* Assets.xcassets */,
				303398CC210F093A00640009 /* LaunchScreen.storyboard */,
				303398CF210F093A00640009 /* Info.plist */,
			);
			path = Tuturu;
			sourceTree = "<group>";
		};
/* End PBXGroup section */

/* Begin PBXNativeTarget section */
		303398BF210F093800640009 /* Tuturu */ = {
			isa = PBXNativeTarget;
			buildConfigurationList = 303398D2210F093A00640009 /* Build configuration list for PBXNativeTarget "Tuturu" */;
			buildPhases = (
				303398BC210F093800640009 /* Sources */,
				303398BD210F093800640009 /* Frameworks */,
				303398BE210F093800640009 /* Resources */,
			);
			buildRules = (
			);
			dependencies = (
			);
			name = Tuturu;
			productName = Tuturu;
			productReference = 303398C0210F093800640009 /* Tuturu.app */;
			productType = "com.apple.product-type.application";
		};
/* End PBXNativeTarget section */

/* Begin PBXProject section */
		303398B8210F093800640009 /* Project object */ = {
			isa = PBXProject;
			attributes = {
				LastSwiftUpdateCheck = 0940;
				LastUpgradeCheck = 0940;
				ORGANIZATIONNAME = md760;
				TargetAttributes = {
					303398BF210F093800640009 = {
						CreatedOnToolsVersion = 9.4.1;
					};
				};
			};
			buildConfigurationList = 303398BB210F093800640009 /* Build configuration list for PBXProject "Tuturu" */;
			compatibilityVersion = "Xcode 9.3";
			developmentRegion = en;
			hasScannedForEncodings = 0;
			knownRegions = (
				en,
				Base,
			);
			mainGroup = 303398B7210F093800640009;
			productRefGroup = 303398C1210F093800640009 /* Products */;
			projectDirPath = "";
			projectRoot = "";
			targets = (
				303398BF210F093800640009 /* Tuturu */,
			);
		};
/* End PBXProject section */

/* Begin PBXResourcesBuildPhase section */
		303398BE210F093800640009 /* Resources */ = {
			isa = PBXResourcesBuildPhase;
			buildActionMask = 2147483647;
			files = (
				303398CE210F093A00640009 /* LaunchScreen.storyboard in Resources */,
				30186ABF2114B87000F99E21 /* tuturu.mp3 in Resources */,
				30186AC12114B88200F99E21 /* bisTuturu.mp3 in Resources */,
				30186AC32114B91A00F99E21 /* superTuturu.mp3 in Resources */,
				303398CB210F093A00640009 /* Assets.xcassets in Resources */,
				303398C9210F093800640009 /* Main.storyboard in Resources */,
			);
			runOnlyForDeploymentPostprocessing = 0;
		};
/* End PBXResourcesBuildPhase section */

/* Begin PBXSourcesBuildPhase section */
		303398BC210F093800640009 /* Sources */ = {
			isa = PBXSourcesBuildPhase;
			buildActionMask = 2147483647;
			files = (
				303398C6210F093800640009 /* ViewController.swift in Sources */,
				303398C4210F093800640009 /* AppDelegate.swift in Sources */,
			);
			runOnlyForDeploymentPostprocessing = 0;
		};
/* End PBXSourcesBuildPhase section */

/* Begin PBXVariantGroup section */
		303398C7210F093800640009 /* Main.storyboard */ = {
			isa = PBXVariantGroup;
			children = (
				303398C8210F093800640009 /* Base */,
			);
			name = Main.storyboard;
			sourceTree = "<group>";
		};
		303398CC210F093A00640009 /* LaunchScreen.storyboard */ = {
			isa = PBXVariantGroup;
			children = (
				303398CD210F093A00640009 /* Base */,
			);
			name = LaunchScreen.storyboard;
			sourceTree = "<group>";
		};
/* End PBXVariantGroup section */

/* Begin XCBuildConfiguration section */
		303398D0210F093A00640009 /* Debug */ = {
			isa = XCBuildConfiguration;
			buildSettings = {
				ALWAYS_SEARCH_USER_PATHS = NO;
				CLANG_ANALYZER_NONNULL = YES;
				CLANG_ANALYZER_NUMBER_OBJECT_CONVERSION = YES_AGGRESSIVE;
				CLANG_CXX_LANGUAGE_STANDARD = "gnu++14";
				CLANG_CXX_LIBRARY = "libc++";
				CLANG_ENABLE_MODULES = YES;
				CLANG_ENABLE_OBJC_ARC = YES;
				CLANG_ENABLE_OBJC_WEAK = YES;
				CLANG_WARN_BLOCK_CAPTURE_AUTORELEASING = YES;
				CLANG_WARN_BOOL_CONVERSION = YES;
				CLANG_WARN_COMMA = YES;
				CLANG_WARN_CONSTANT_CONVERSION = YES;
				CLANG_WARN_DEPRECATED_OBJC_IMPLEMENTATIONS = YES;
				CLANG_WARN_DIRECT_OBJC_ISA_USAGE = YES_ERROR;
				CLANG_WARN_DOCUMENTATION_COMMENTS = YES;
				CLANG_WARN_EMPTY_BODY = YES;
				CLANG_WARN_ENUM_CONVERSION = YES;
				CLANG_WARN_INFINITE_RECURSION = YES;
				CLANG_WARN_INT_CONVERSION = YES;
				CLANG_WARN_NON_LITERAL_NULL_CONVERSION = YES;
				CLANG_WARN_OBJC_IMPLICIT_RETAIN_SELF = YES;
				CLANG_WARN_OBJC_LITERAL_CONVERSION = YES;
				CLANG_WARN_OBJC_ROOT_CLASS = YES_ERROR;
				CLANG_WARN_RANGE_LOOP_ANALYSIS = YES;
				CLANG_WARN_STRICT_PROTOTYPES = YES;
				CLANG_WARN_SUSPICIOUS_MOVE = YES;
				CLANG_WARN_UNGUARDED_AVAILABILITY = YES_AGGRESSIVE;
				CLANG_WARN_UNREACHABLE_CODE = YES;
				CLANG_WARN__DUPLICATE_METHOD_MATCH = YES;
				CODE_SIGN_IDENTITY = "iPhone Developer";
				COPY_PHASE_STRIP = NO;
				DEBUG_INFORMATION_FORMAT = dwarf;
				ENABLE_STRICT_OBJC_MSGSEND = YES;
				ENABLE_TESTABILITY = YES;
				GCC_C_LANGUAGE_STANDARD = gnu11;
				GCC_DYNAMIC_NO_PIC = NO;
				GCC_NO_COMMON_BLOCKS = YES;
				GCC_OPTIMIZATION_LEVEL = 0;
				GCC_PREPROCESSOR_DEFINITIONS = (
					"DEBUG=1",
					"$(inherited)",
				);
				GCC_WARN_64_TO_32_BIT_CONVERSION = YES;
				GCC_WARN_ABOUT_RETURN_TYPE = YES_ERROR;
				GCC_WARN_UNDECLARED_SELECTOR = YES;
				GCC_WARN_UNINITIALIZED_AUTOS = YES_AGGRESSIVE;
				GCC_WARN_UNUSED_FUNCTION = YES;
				GCC_WARN_UNUSED_VARIABLE = YES;
				IPHONEOS_DEPLOYMENT_TARGET = 11.4;
				MTL_ENABLE_DEBUG_INFO = YES;
				ONLY_ACTIVE_ARCH = YES;
				SDKROOT = iphoneos;
				SWIFT_ACTIVE_COMPILATION_CONDITIONS = DEBUG;
				SWIFT_OPTIMIZATION_LEVEL = "-Onone";
			};
			name = Debug;
		};
		303398D1210F093A00640009 /* Release */ = {
			isa = XCBuildConfiguration;
			buildSettings = {
				ALWAYS_SEARCH_USER_PATHS = NO;
				CLANG_ANALYZER_NONNULL = YES;
				CLANG_ANALYZER_NUMBER_OBJECT_CONVERSION = YES_AGGRESSIVE;
				CLANG_CXX_LANGUAGE_STANDARD = "gnu++14";
				CLANG_CXX_LIBRARY = "libc++";
				CLANG_ENABLE_MODULES = YES;
				CLANG_ENABLE_OBJC_ARC = YES;
				CLANG_ENABLE_OBJC_WEAK = YES;
				CLANG_WARN_BLOCK_CAPTURE_AUTORELEASING = YES;
				CLANG_WARN_BOOL_CONVERSION = YES;
				CLANG_WARN_COMMA = YES;
				CLANG_WARN_CONSTANT_CONVERSION = YES;
				CLANG_WARN_DEPRECATED_OBJC_IMPLEMENTATIONS = YES;
				CLANG_WARN_DIRECT_OBJC_ISA_USAGE = YES_ERROR;
				CLANG_WARN_DOCUMENTATION_COMMENTS = YES;
				CLANG_WARN_EMPTY_BODY = YES;
				CLANG_WARN_ENUM_CONVERSION = YES;
				CLANG_WARN_INFINITE_RECURSION = YES;
				CLANG_WARN_INT_CONVERSION = YES;
				CLANG_WARN_NON_LITERAL_NULL_CONVERSION = YES;
				CLANG_WARN_OBJC_IMPLICIT_RETAIN_SELF = YES;
				CLANG_WARN_OBJC_LITERAL_CONVERSION = YES;
				CLANG_WARN_OBJC_ROOT_CLASS = YES_ERROR;
				CLANG_WARN_RANGE_LOOP_ANALYSIS = YES;
				CLANG_WARN_STRICT_PROTOTYPES = YES;
				CLANG_WARN_SUSPICIOUS_MOVE = YES;
				CLANG_WARN_UNGUARDED_AVAILABILITY = YES_AGGRESSIVE;
				CLANG_WARN_UNREACHABLE_CODE = YES;
				CLANG_WARN__DUPLICATE_METHOD_MATCH = YES;
				CODE_SIGN_IDENTITY = "iPhone Developer";
				COPY_PHASE_STRIP = NO;
				DEBUG_INFORMATION_FORMAT = "dwarf-with-dsym";
				ENABLE_NS_ASSERTIONS = NO;
				ENABLE_STRICT_OBJC_MSGSEND = YES;
				GCC_C_LANGUAGE_STANDARD = gnu11;
				GCC_NO_COMMON_BLOCKS = YES;
				GCC_WARN_64_TO_32_BIT_CONVERSION = YES;
				GCC_WARN_ABOUT_RETURN_TYPE = YES_ERROR;
				GCC_WARN_UNDECLARED_SELECTOR = YES;
				GCC_WARN_UNINITIALIZED_AUTOS = YES_AGGRESSIVE;
				GCC_WARN_UNUSED_FUNCTION = YES;
				GCC_WARN_UNUSED_VARIABLE = YES;
				IPHONEOS_DEPLOYMENT_TARGET = 11.4;
				MTL_ENABLE_DEBUG_INFO = NO;
				SDKROOT = iphoneos;
				SWIFT_COMPILATION_MODE = wholemodule;
				SWIFT_OPTIMIZATION_LEVEL = "-O";
				VALIDATE_PRODUCT = YES;
			};
			name = Release;
		};
		303398D3210F093A00640009 /* Debug */ = {
			isa = XCBuildConfiguration;
			buildSettings = {
				ASSETCATALOG_COMPILER_APPICON_NAME = AppIcon;
				CODE_SIGN_STYLE = Automatic;
				INFOPLIST_FILE = Tuturu/Info.plist;
				LD_RUNPATH_SEARCH_PATHS = (
					"$(inherited)",
					"@executable_path/Frameworks",
				);
				PRODUCT_BUNDLE_IDENTIFIER = tarasenkoTaras.Tuturu;
				PRODUCT_NAME = "$(TARGET_NAME)";
				SWIFT_VERSION = 4.0;
				TARGETED_DEVICE_FAMILY = "1,2";
			};
			name = Debug;
		};
		303398D4210F093A00640009 /* Release */ = {
			isa = XCBuildConfiguration;
			buildSettings = {
				ASSETCATALOG_COMPILER_APPICON_NAME = AppIcon;
				CODE_SIGN_STYLE = Automatic;
				INFOPLIST_FILE = Tuturu/Info.plist;
				LD_RUNPATH_SEARCH_PATHS = (
					"$(inherited)",
					"@executable_path/Frameworks",
				);
				PRODUCT_BUNDLE_IDENTIFIER = tarasenkoTaras.Tuturu;
				PRODUCT_NAME = "$(TARGET_NAME)";
				SWIFT_VERSION = 4.0;
				TARGETED_DEVICE_FAMILY = "1,2";
			};
			name = Release;
		};
/* End XCBuildConfiguration section */

/* Begin XCConfigurationList section */
		303398BB210F093800640009 /* Build configuration list for PBXProject "Tuturu" */ = {
			isa = XCConfigurationList;
			buildConfigurations = (
				303398D0210F093A00640009 /* Debug */,
				303398D1210F093A00640009 /* Release */,
			);
			defaultConfigurationIsVisible = 0;
			defaultConfigurationName = Release;
		};
		303398D2210F093A00640009 /* Build configuration list for PBXNativeTarget "Tuturu" */ = {
			isa = XCConfigurationList;
			buildConfigurations = (
				303398D3210F093A00640009 /* Debug */,
				303398D4210F093A00640009 /* Release */,
			);
			defaultConfigurationIsVisible = 0;
			defaultConfigurationName = Release;
		};
/* End XCConfigurationList section */
	};
	rootObject = 303398B8210F093800640009 /* Project object */;
}
